// !$*UTF8*$!
{
	archiveVersion = 1;
	classes = {
	};
	objectVersion = 50;
	objects = {

/* Begin PBXBuildFile section */
		856803C0247CD8F90018F636 /* AppDelegate.swift in Sources */ = {isa = PBXBuildFile; fileRef = 856803BF247CD8F90018F636 /* AppDelegate.swift */; };
		856803C2247CD8F90018F636 /* DocumentBrowserViewController.swift in Sources */ = {isa = PBXBuildFile; fileRef = 856803C1247CD8F90018F636 /* DocumentBrowserViewController.swift */; };
		856803C4247CD8F90018F636 /* DocumentViewController.swift in Sources */ = {isa = PBXBuildFile; fileRef = 856803C3247CD8F90018F636 /* DocumentViewController.swift */; };
		856803C6247CD8F90018F636 /* Document.swift in Sources */ = {isa = PBXBuildFile; fileRef = 856803C5247CD8F90018F636 /* Document.swift */; };
		856803C9247CD8F90018F636 /* Main.storyboard in Resources */ = {isa = PBXBuildFile; fileRef = 856803C7247CD8F90018F636 /* Main.storyboard */; };
		856803CB247CD8FA0018F636 /* Assets.xcassets in Resources */ = {isa = PBXBuildFile; fileRef = 856803CA247CD8FA0018F636 /* Assets.xcassets */; };
		856803CE247CD8FA0018F636 /* LaunchScreen.storyboard in Resources */ = {isa = PBXBuildFile; fileRef = 856803CC247CD8FA0018F636 /* LaunchScreen.storyboard */; };
		856803DA247CDDF50018F636 /* ImageGalleryCollectionViewController.swift in Sources */ = {isa = PBXBuildFile; fileRef = 856803D5247CDDF40018F636 /* ImageGalleryCollectionViewController.swift */; };
		856803DB247CDDF50018F636 /* ImageModel.swift in Sources */ = {isa = PBXBuildFile; fileRef = 856803D6247CDDF40018F636 /* ImageModel.swift */; };
		856803DC247CDDF50018F636 /* ImageViewController.swift in Sources */ = {isa = PBXBuildFile; fileRef = 856803D7247CDDF40018F636 /* ImageViewController.swift */; };
		856803DD247CDDF50018F636 /* Utilities.swift in Sources */ = {isa = PBXBuildFile; fileRef = 856803D8247CDDF40018F636 /* Utilities.swift */; };
		856803DE247CDDF50018F636 /* ImageGalleryCollectionViewCell.swift in Sources */ = {isa = PBXBuildFile; fileRef = 856803D9247CDDF50018F636 /* ImageGalleryCollectionViewCell.swift */; };
/* End PBXBuildFile section */

/* Begin PBXFileReference section */
		856803BC247CD8F90018F636 /* ImageGallery.app */ = {isa = PBXFileReference; explicitFileType = wrapper.application; includeInIndex = 0; path = ImageGallery.app; sourceTree = BUILT_PRODUCTS_DIR; };
		856803BF247CD8F90018F636 /* AppDelegate.swift */ = {isa = PBXFileReference; lastKnownFileType = sourcecode.swift; path = AppDelegate.swift; sourceTree = "<group>"; };
		856803C1247CD8F90018F636 /* DocumentBrowserViewController.swift */ = {isa = PBXFileReference; lastKnownFileType = sourcecode.swift; path = DocumentBrowserViewController.swift; sourceTree = "<group>"; };
		856803C3247CD8F90018F636 /* DocumentViewController.swift */ = {isa = PBXFileReference; lastKnownFileType = sourcecode.swift; path = DocumentViewController.swift; sourceTree = "<group>"; };
		856803C5247CD8F90018F636 /* Document.swift */ = {isa = PBXFileReference; lastKnownFileType = sourcecode.swift; path = Document.swift; sourceTree = "<group>"; };
		856803C8247CD8F90018F636 /* Base */ = {isa = PBXFileReference; lastKnownFileType = file.storyboard; name = Base; path = Base.lproj/Main.storyboard; sourceTree = "<group>"; };
		856803CA247CD8FA0018F636 /* Assets.xcassets */ = {isa = PBXFileReference; lastKnownFileType = folder.assetcatalog; path = Assets.xcassets; sourceTree = "<group>"; };
		856803CD247CD8FA0018F636 /* Base */ = {isa = PBXFileReference; lastKnownFileType = file.storyboard; name = Base; path = Base.lproj/LaunchScreen.storyboard; sourceTree = "<group>"; };
		856803CF247CD8FA0018F636 /* Info.plist */ = {isa = PBXFileReference; lastKnownFileType = text.plist.xml; path = Info.plist; sourceTree = "<group>"; };
		856803D5247CDDF40018F636 /* ImageGalleryCollectionViewController.swift */ = {isa = PBXFileReference; fileEncoding = 4; lastKnownFileType = sourcecode.swift; path = ImageGalleryCollectionViewController.swift; sourceTree = "<group>"; };
		856803D6247CDDF40018F636 /* ImageModel.swift */ = {isa = PBXFileReference; fileEncoding = 4; lastKnownFileType = sourcecode.swift; path = ImageModel.swift; sourceTree = "<group>"; };
		856803D7247CDDF40018F636 /* ImageViewController.swift */ = {isa = PBXFileReference; fileEncoding = 4; lastKnownFileType = sourcecode.swift; path = ImageViewController.swift; sourceTree = "<group>"; };
		856803D8247CDDF40018F636 /* Utilities.swift */ = {isa = PBXFileReference; fileEncoding = 4; lastKnownFileType = sourcecode.swift; path = Utilities.swift; sourceTree = "<group>"; };
		856803D9247CDDF50018F636 /* ImageGalleryCollectionViewCell.swift */ = {isa = PBXFileReference; fileEncoding = 4; lastKnownFileType = sourcecode.swift; path = ImageGalleryCollectionViewCell.swift; sourceTree = "<group>"; };
/* End PBXFileReference section */

/* Begin PBXFrameworksBuildPhase section */
		856803B9247CD8F90018F636 /* Frameworks */ = {
			isa = PBXFrameworksBuildPhase;
			buildActionMask = 2147483647;
			files = (
			);
			runOnlyForDeploymentPostprocessing = 0;
		};
/* End PBXFrameworksBuildPhase section */

/* Begin PBXGroup section */
		856803B3247CD8F90018F636 = {
			isa = PBXGroup;
			children = (
				856803BE247CD8F90018F636 /* ImageGallery */,
				856803BD247CD8F90018F636 /* Products */,
			);
			sourceTree = "<group>";
		};
		856803BD247CD8F90018F636 /* Products */ = {
			isa = PBXGroup;
			children = (
				856803BC247CD8F90018F636 /* ImageGallery.app */,
			);
			name = Products;
			sourceTree = "<group>";
		};
		856803BE247CD8F90018F636 /* ImageGallery */ = {
			isa = PBXGroup;
			children = (
				856803BF247CD8F90018F636 /* AppDelegate.swift */,
				856803D9247CDDF50018F636 /* ImageGalleryCollectionViewCell.swift */,
				856803D5247CDDF40018F636 /* ImageGalleryCollectionViewController.swift */,
				856803D6247CDDF40018F636 /* ImageModel.swift */,
				856803D7247CDDF40018F636 /* ImageViewController.swift */,
				856803D8247CDDF40018F636 /* Utilities.swift */,
				856803C1247CD8F90018F636 /* DocumentBrowserViewController.swift */,
				856803C3247CD8F90018F636 /* DocumentViewController.swift */,
				856803C5247CD8F90018F636 /* Document.swift */,
				856803C7247CD8F90018F636 /* Main.storyboard */,
				856803CA247CD8FA0018F636 /* Assets.xcassets */,
				856803CC247CD8FA0018F636 /* LaunchScreen.storyboard */,
				856803CF247CD8FA0018F636 /* Info.plist */,
			);
			path = ImageGallery;
			sourceTree = "<group>";
		};
/* End PBXGroup section */

/* Begin PBXNativeTarget section */
		856803BB247CD8F90018F636 /* ImageGallery */ = {
			isa = PBXNativeTarget;
			buildConfigurationList = 856803D2247CD8FA0018F636 /* Build configuration list for PBXNativeTarget "ImageGallery" */;
			buildPhases = (
				856803B8247CD8F90018F636 /* Sources */,
				856803B9247CD8F90018F636 /* Frameworks */,
				856803BA247CD8F90018F636 /* Resources */,
			);
			buildRules = (
			);
			dependencies = (
			);
			name = ImageGallery;
			productName = ImageGallery;
			productReference = 856803BC247CD8F90018F636 /* ImageGallery.app */;
			productType = "com.apple.product-type.application";
		};
/* End PBXNativeTarget section */

/* Begin PBXProject section */
		856803B4247CD8F90018F636 /* Project object */ = {
			isa = PBXProject;
			attributes = {
				LastSwiftUpdateCheck = 1140;
				LastUpgradeCheck = 1140;
				ORGANIZATIONNAME = "Alena Khoroshilova";
				TargetAttributes = {
					856803BB247CD8F90018F636 = {
						CreatedOnToolsVersion = 11.4;
					};
				};
			};
			buildConfigurationList = 856803B7247CD8F90018F636 /* Build configuration list for PBXProject "ImageGallery" */;
			compatibilityVersion = "Xcode 9.3";
			developmentRegion = en;
			hasScannedForEncodings = 0;
			knownRegions = (
				en,
				Base,
			);
			mainGroup = 856803B3247CD8F90018F636;
			productRefGroup = 856803BD247CD8F90018F636 /* Products */;
			projectDirPath = "";
			projectRoot = "";
			targets = (
				856803BB247CD8F90018F636 /* ImageGallery */,
			);
		};
/* End PBXProject section */

/* Begin PBXResourcesBuildPhase section */
		856803BA247CD8F90018F636 /* Resources */ = {
			isa = PBXResourcesBuildPhase;
			buildActionMask = 2147483647;
			files = (
				856803CE247CD8FA0018F636 /* LaunchScreen.storyboard in Resources */,
				856803CB247CD8FA0018F636 /* Assets.xcassets in Resources */,
				856803C9247CD8F90018F636 /* Main.storyboard in Resources */,
			);
			runOnlyForDeploymentPostprocessing = 0;
		};
/* End PBXResourcesBuildPhase section */

/* Begin PBXSourcesBuildPhase section */
		856803B8247CD8F90018F636 /* Sources */ = {
			isa = PBXSourcesBuildPhase;
			buildActionMask = 2147483647;
			files = (
				856803DA247CDDF50018F636 /* ImageGalleryCollectionViewController.swift in Sources */,
				856803DB247CDDF50018F636 /* ImageModel.swift in Sources */,
				856803DE247CDDF50018F636 /* ImageGalleryCollectionViewCell.swift in Sources */,
				856803C6247CD8F90018F636 /* Document.swift in Sources */,
				856803DC247CDDF50018F636 /* ImageViewController.swift in Sources */,
				856803C4247CD8F90018F636 /* DocumentViewController.swift in Sources */,
				856803C2247CD8F90018F636 /* DocumentBrowserViewController.swift in Sources */,
				856803DD247CDDF50018F636 /* Utilities.swift in Sources */,
				856803C0247CD8F90018F636 /* AppDelegate.swift in Sources */,
			);
			runOnlyForDeploymentPostprocessing = 0;
		};
/* End PBXSourcesBuildPhase section */

/* Begin PBXVariantGroup section */
		856803C7247CD8F90018F636 /* Main.storyboard */ = {
			isa = PBXVariantGroup;
			children = (
				856803C8247CD8F90018F636 /* Base */,
			);
			name = Main.storyboard;
			sourceTree = "<group>";
		};
		856803CC247CD8FA0018F636 /* LaunchScreen.storyboard */ = {
			isa = PBXVariantGroup;
			children = (
				856803CD247CD8FA0018F636 /* Base */,
			);
			name = LaunchScreen.storyboard;
			sourceTree = "<group>";
		};
/* End PBXVariantGroup section */

/* Begin XCBuildConfiguration section */
		856803D0247CD8FA0018F636 /* Debug */ = {
			isa = XCBuildConfiguration;
			buildSettings = {
				ALWAYS_SEARCH_USER_PATHS = NO;
				CLANG_ANALYZER_NONNULL = YES;
				CLANG_ANALYZER_NUMBER_OBJECT_CONVERSION = YES_AGGRESSIVE;
				CLANG_CXX_LANGUAGE_STANDARD = "gnu++14";
				CLANG_CXX_LIBRARY = "libc++";
				CLANG_ENABLE_MODULES = YES;
				CLANG_ENABLE_OBJC_ARC = YES;
				CLANG_ENABLE_OBJC_WEAK = YES;
				CLANG_WARN_BLOCK_CAPTURE_AUTORELEASING = YES;
				CLANG_WARN_BOOL_CONVERSION = YES;
				CLANG_WARN_COMMA = YES;
				CLANG_WARN_CONSTANT_CONVERSION = YES;
				CLANG_WARN_DEPRECATED_OBJC_IMPLEMENTATIONS = YES;
				CLANG_WARN_DIRECT_OBJC_ISA_USAGE = YES_ERROR;
				CLANG_WARN_DOCUMENTATION_COMMENTS = YES;
				CLANG_WARN_EMPTY_BODY = YES;
				CLANG_WARN_ENUM_CONVERSION = YES;
				CLANG_WARN_INFINITE_RECURSION = YES;
				CLANG_WARN_INT_CONVERSION = YES;
				CLANG_WARN_NON_LITERAL_NULL_CONVERSION = YES;
				CLANG_WARN_OBJC_IMPLICIT_RETAIN_SELF = YES;
				CLANG_WARN_OBJC_LITERAL_CONVERSION = YES;
				CLANG_WARN_OBJC_ROOT_CLASS = YES_ERROR;
				CLANG_WARN_RANGE_LOOP_ANALYSIS = YES;
				CLANG_WARN_STRICT_PROTOTYPES = YES;
				CLANG_WARN_SUSPICIOUS_MOVE = YES;
				CLANG_WARN_UNGUARDED_AVAILABILITY = YES_AGGRESSIVE;
				CLANG_WARN_UNREACHABLE_CODE = YES;
				CLANG_WARN__DUPLICATE_METHOD_MATCH = YES;
				COPY_PHASE_STRIP = NO;
				DEBUG_INFORMATION_FORMAT = dwarf;
				ENABLE_STRICT_OBJC_MSGSEND = YES;
				ENABLE_TESTABILITY = YES;
				GCC_C_LANGUAGE_STANDARD = gnu11;
				GCC_DYNAMIC_NO_PIC = NO;
				GCC_NO_COMMON_BLOCKS = YES;
				GCC_OPTIMIZATION_LEVEL = 0;
				GCC_PREPROCESSOR_DEFINITIONS = (
					"DEBUG=1",
					"$(inherited)",
				);
				GCC_WARN_64_TO_32_BIT_CONVERSION = YES;
				GCC_WARN_ABOUT_RETURN_TYPE = YES_ERROR;
				GCC_WARN_UNDECLARED_SELECTOR = YES;
				GCC_WARN_UNINITIALIZED_AUTOS = YES_AGGRESSIVE;
				GCC_WARN_UNUSED_FUNCTION = YES;
				GCC_WARN_UNUSED_VARIABLE = YES;
				IPHONEOS_DEPLOYMENT_TARGET = 13.4;
				MTL_ENABLE_DEBUG_INFO = INCLUDE_SOURCE;
				MTL_FAST_MATH = YES;
				ONLY_ACTIVE_ARCH = YES;
				SDKROOT = iphoneos;
				SWIFT_ACTIVE_COMPILATION_CONDITIONS = DEBUG;
				SWIFT_OPTIMIZATION_LEVEL = "-Onone";
			};
			name = Debug;
		};
		856803D1247CD8FA0018F636 /* Release */ = {
			isa = XCBuildConfiguration;
			buildSettings = {
				ALWAYS_SEARCH_USER_PATHS = NO;
				CLANG_ANALYZER_NONNULL = YES;
				CLANG_ANALYZER_NUMBER_OBJECT_CONVERSION = YES_AGGRESSIVE;
				CLANG_CXX_LANGUAGE_STANDARD = "gnu++14";
				CLANG_CXX_LIBRARY = "libc++";
				CLANG_ENABLE_MODULES = YES;
				CLANG_ENABLE_OBJC_ARC = YES;
				CLANG_ENABLE_OBJC_WEAK = YES;
				CLANG_WARN_BLOCK_CAPTURE_AUTORELEASING = YES;
				CLANG_WARN_BOOL_CONVERSION = YES;
				CLANG_WARN_COMMA = YES;
				CLANG_WARN_CONSTANT_CONVERSION = YES;
				CLANG_WARN_DEPRECATED_OBJC_IMPLEMENTATIONS = YES;
				CLANG_WARN_DIRECT_OBJC_ISA_USAGE = YES_ERROR;
				CLANG_WARN_DOCUMENTATION_COMMENTS = YES;
				CLANG_WARN_EMPTY_BODY = YES;
				CLANG_WARN_ENUM_CONVERSION = YES;
				CLANG_WARN_INFINITE_RECURSION = YES;
				CLANG_WARN_INT_CONVERSION = YES;
				CLANG_WARN_NON_LITERAL_NULL_CONVERSION = YES;
				CLANG_WARN_OBJC_IMPLICIT_RETAIN_SELF = YES;
				CLANG_WARN_OBJC_LITERAL_CONVERSION = YES;
				CLANG_WARN_OBJC_ROOT_CLASS = YES_ERROR;
				CLANG_WARN_RANGE_LOOP_ANALYSIS = YES;
				CLANG_WARN_STRICT_PROTOTYPES = YES;
				CLANG_WARN_SUSPICIOUS_MOVE = YES;
				CLANG_WARN_UNGUARDED_AVAILABILITY = YES_AGGRESSIVE;
				CLANG_WARN_UNREACHABLE_CODE = YES;
				CLANG_WARN__DUPLICATE_METHOD_MATCH = YES;
				COPY_PHASE_STRIP = NO;
				DEBUG_INFORMATION_FORMAT = "dwarf-with-dsym";
				ENABLE_NS_ASSERTIONS = NO;
				ENABLE_STRICT_OBJC_MSGSEND = YES;
				GCC_C_LANGUAGE_STANDARD = gnu11;
				GCC_NO_COMMON_BLOCKS = YES;
				GCC_WARN_64_TO_32_BIT_CONVERSION = YES;
				GCC_WARN_ABOUT_RETURN_TYPE = YES_ERROR;
				GCC_WARN_UNDECLARED_SELECTOR = YES;
				GCC_WARN_UNINITIALIZED_AUTOS = YES_AGGRESSIVE;
				GCC_WARN_UNUSED_FUNCTION = YES;
				GCC_WARN_UNUSED_VARIABLE = YES;
				IPHONEOS_DEPLOYMENT_TARGET = 13.4;
				MTL_ENABLE_DEBUG_INFO = NO;
				MTL_FAST_MATH = YES;
				SDKROOT = iphoneos;
				SWIFT_COMPILATION_MODE = wholemodule;
				SWIFT_OPTIMIZATION_LEVEL = "-O";
				VALIDATE_PRODUCT = YES;
			};
			name = Release;
		};
		856803D3247CD8FA0018F636 /* Debug */ = {
			isa = XCBuildConfiguration;
			buildSettings = {
				ASSETCATALOG_COMPILER_APPICON_NAME = AppIcon;
				CODE_SIGN_STYLE = Automatic;
				DEVELOPMENT_TEAM = J6G73D8D83;
				INFOPLIST_FILE = ImageGallery/Info.plist;
				LD_RUNPATH_SEARCH_PATHS = (
					"$(inherited)",
					"@executable_path/Frameworks",
				);
				PRODUCT_BUNDLE_IDENTIFIER = com.AlenaKhoroshilova.ImageGallery;
				PRODUCT_NAME = "$(TARGET_NAME)";
				SWIFT_VERSION = 5.0;
				TARGETED_DEVICE_FAMILY = "1,2";
			};
			name = Debug;
		};
		856803D4247CD8FA0018F636 /* Release */ = {
			isa = XCBuildConfiguration;
			buildSettings = {
				ASSETCATALOG_COMPILER_APPICON_NAME = AppIcon;
				CODE_SIGN_STYLE = Automatic;
				DEVELOPMENT_TEAM = J6G73D8D83;
				INFOPLIST_FILE = ImageGallery/Info.plist;
				LD_RUNPATH_SEARCH_PATHS = (
					"$(inherited)",
					"@executable_path/Frameworks",
				);
				PRODUCT_BUNDLE_IDENTIFIER = com.AlenaKhoroshilova.ImageGallery;
				PRODUCT_NAME = "$(TARGET_NAME)";
				SWIFT_VERSION = 5.0;
				TARGETED_DEVICE_FAMILY = "1,2";
			};
			name = Release;
		};
/* End XCBuildConfiguration section */

/* Begin XCConfigurationList section */
		856803B7247CD8F90018F636 /* Build configuration list for PBXProject "ImageGallery" */ = {
			isa = XCConfigurationList;
			buildConfigurations = (
				856803D0247CD8FA0018F636 /* Debug */,
				856803D1247CD8FA0018F636 /* Release */,
			);
			defaultConfigurationIsVisible = 0;
			defaultConfigurationName = Release;
		};
		856803D2247CD8FA0018F636 /* Build configuration list for PBXNativeTarget "ImageGallery" */ = {
			isa = XCConfigurationList;
			buildConfigurations = (
				856803D3247CD8FA0018F636 /* Debug */,
				856803D4247CD8FA0018F636 /* Release */,
			);
			defaultConfigurationIsVisible = 0;
			defaultConfigurationName = Release;
		};
/* End XCConfigurationList section */
	};
	rootObject = 856803B4247CD8F90018F636 /* Project object */;
}
